// !$*UTF8*$!
{
	archiveVersion = 1;
	classes = {
	};
	objectVersion = 51;
	objects = {

/* Begin PBXBuildFile section */
		6F6C997896A91776D9A9CE18 /* Pods_WeatherApp.framework in Frameworks */ = {isa = PBXBuildFile; fileRef = 0561CD243DF24E6EA4CE535E /* Pods_WeatherApp.framework */; };
		FA039C13250D36CC00F64711 /* CityDescriptionFormatting.swift in Sources */ = {isa = PBXBuildFile; fileRef = FA039C12250D36CC00F64711 /* CityDescriptionFormatting.swift */; };
		FA039C16250D727500F64711 /* NetworkConnectionService.swift in Sources */ = {isa = PBXBuildFile; fileRef = FA039C15250D727500F64711 /* NetworkConnectionService.swift */; };
		FA26DFAF2506E357005A4FB5 /* Direction.swift in Sources */ = {isa = PBXBuildFile; fileRef = FA26DFAE2506E357005A4FB5 /* Direction.swift */; };
		FA26DFB32506F629005A4FB5 /* ErrorHandler.swift in Sources */ = {isa = PBXBuildFile; fileRef = FA26DFB02506F629005A4FB5 /* ErrorHandler.swift */; };
		FA26DFB42506F629005A4FB5 /* AlertDialogHelper.swift in Sources */ = {isa = PBXBuildFile; fileRef = FA26DFB12506F629005A4FB5 /* AlertDialogHelper.swift */; };
		FA26DFB52506F629005A4FB5 /* AlertErrorMessageHandler.swift in Sources */ = {isa = PBXBuildFile; fileRef = FA26DFB22506F629005A4FB5 /* AlertErrorMessageHandler.swift */; };
		FA26DFB72506F741005A4FB5 /* ActivityIndicatorHelper.swift in Sources */ = {isa = PBXBuildFile; fileRef = FA26DFB62506F741005A4FB5 /* ActivityIndicatorHelper.swift */; };
		FA26DFB92506FC70005A4FB5 /* CashHelper.swift in Sources */ = {isa = PBXBuildFile; fileRef = FA26DFB82506FC70005A4FB5 /* CashHelper.swift */; };
		FA291AAF25002A2E006D45EE /* AppDelegate.swift in Sources */ = {isa = PBXBuildFile; fileRef = FA291AAE25002A2E006D45EE /* AppDelegate.swift */; };
		FA291AB325002A2E006D45EE /* MainTabBarViewController.swift in Sources */ = {isa = PBXBuildFile; fileRef = FA291AB225002A2E006D45EE /* MainTabBarViewController.swift */; };
		FA291AB825002A2F006D45EE /* Assets.xcassets in Resources */ = {isa = PBXBuildFile; fileRef = FA291AB725002A2F006D45EE /* Assets.xcassets */; };
		FA291ABB25002A2F006D45EE /* LaunchScreen.storyboard in Resources */ = {isa = PBXBuildFile; fileRef = FA291AB925002A2F006D45EE /* LaunchScreen.storyboard */; };
		FA2A71B025062E0300FAA77B /* WeatherService.swift in Sources */ = {isa = PBXBuildFile; fileRef = FA2A71AF25062E0300FAA77B /* WeatherService.swift */; };
		FA2A71B325062E4A00FAA77B /* WeatherRequest.swift in Sources */ = {isa = PBXBuildFile; fileRef = FA2A71B225062E4A00FAA77B /* WeatherRequest.swift */; };
		FA2A71B525062E8F00FAA77B /* Weather.swift in Sources */ = {isa = PBXBuildFile; fileRef = FA2A71B425062E8F00FAA77B /* Weather.swift */; };
		FA2A71B725062EDA00FAA77B /* WeatherItem.swift in Sources */ = {isa = PBXBuildFile; fileRef = FA2A71B625062EDA00FAA77B /* WeatherItem.swift */; };
		FA2A71B925062F2900FAA77B /* City.swift in Sources */ = {isa = PBXBuildFile; fileRef = FA2A71B825062F2900FAA77B /* City.swift */; };
		FA2A71BB25062FD900FAA77B /* WeatherDetailedInfo.swift in Sources */ = {isa = PBXBuildFile; fileRef = FA2A71BA25062FD900FAA77B /* WeatherDetailedInfo.swift */; };
		FA2A71BD250630E200FAA77B /* WeatherOverview.swift in Sources */ = {isa = PBXBuildFile; fileRef = FA2A71BC250630E200FAA77B /* WeatherOverview.swift */; };
		FA2A71BF250630F900FAA77B /* Wind.swift in Sources */ = {isa = PBXBuildFile; fileRef = FA2A71BE250630F900FAA77B /* Wind.swift */; };
		FA2A71C12506312D00FAA77B /* Rain.swift in Sources */ = {isa = PBXBuildFile; fileRef = FA2A71C02506312D00FAA77B /* Rain.swift */; };
		FA2A71C6250632F200FAA77B /* ApiConstants.swift in Sources */ = {isa = PBXBuildFile; fileRef = FA2A71C3250632F200FAA77B /* ApiConstants.swift */; };
		FA2A71C7250632F200FAA77B /* Strings.swift in Sources */ = {isa = PBXBuildFile; fileRef = FA2A71C4250632F200FAA77B /* Strings.swift */; };
		FA2A71CD2506338E00FAA77B /* UIImageViewExtensions.swift in Sources */ = {isa = PBXBuildFile; fileRef = FA2A71C82506338E00FAA77B /* UIImageViewExtensions.swift */; };
		FA2A71CE2506338E00FAA77B /* StringExtensions.swift in Sources */ = {isa = PBXBuildFile; fileRef = FA2A71C92506338E00FAA77B /* StringExtensions.swift */; };
		FA2A71D02506338E00FAA77B /* NSObjectExtensions.swift in Sources */ = {isa = PBXBuildFile; fileRef = FA2A71CB2506338E00FAA77B /* NSObjectExtensions.swift */; };
		FA2A71D12506338E00FAA77B /* UITableViewExtensions.swift in Sources */ = {isa = PBXBuildFile; fileRef = FA2A71CC2506338E00FAA77B /* UITableViewExtensions.swift */; };
		FA2A71D32506400100FAA77B /* WeatherTableViewCell.swift in Sources */ = {isa = PBXBuildFile; fileRef = FA2A71D22506400100FAA77B /* WeatherTableViewCell.swift */; };
		FA2A71D5250648D800FAA77B /* DateExtensions.swift in Sources */ = {isa = PBXBuildFile; fileRef = FA2A71D4250648D800FAA77B /* DateExtensions.swift */; };
		FA2A71DA2506715600FAA77B /* WeatherCellViewModel.swift in Sources */ = {isa = PBXBuildFile; fileRef = FA2A71D92506715600FAA77B /* WeatherCellViewModel.swift */; };
		FA2A71DC25067F4900FAA77B /* Initializable.swift in Sources */ = {isa = PBXBuildFile; fileRef = FA2A71DB25067F4900FAA77B /* Initializable.swift */; };
		FA4D69EE25061AD7003F531D /* logo.png in Resources */ = {isa = PBXBuildFile; fileRef = FA4D69ED25061AD6003F531D /* logo.png */; };
		FA4D69F025061CC5003F531D /* TodayWeatherViewController.swift in Sources */ = {isa = PBXBuildFile; fileRef = FA4D69EF25061CC5003F531D /* TodayWeatherViewController.swift */; };
		FA89925B250C26F200D32DDF /* CitiesSearchResponce.swift in Sources */ = {isa = PBXBuildFile; fileRef = FA89925A250C26F200D32DDF /* CitiesSearchResponce.swift */; };
		FA89925D250C273800D32DDF /* CitySearchPrediction.swift in Sources */ = {isa = PBXBuildFile; fileRef = FA89925C250C273800D32DDF /* CitySearchPrediction.swift */; };
		FA89925F250C282600D32DDF /* PlaceAutocompleteService.swift in Sources */ = {isa = PBXBuildFile; fileRef = FA89925E250C282600D32DDF /* PlaceAutocompleteService.swift */; };
		FA899261250C2C1900D32DDF /* BaseApiService.swift in Sources */ = {isa = PBXBuildFile; fileRef = FA899260250C2C1900D32DDF /* BaseApiService.swift */; };
		FA8EF430250A6FF10096D25A /* LocationManager.swift in Sources */ = {isa = PBXBuildFile; fileRef = FA8EF42F250A6FF10096D25A /* LocationManager.swift */; };
		FAA8E41F2506942100857E84 /* ForecastTableViewController.swift in Sources */ = {isa = PBXBuildFile; fileRef = FAA8E41E2506942100857E84 /* ForecastTableViewController.swift */; };
		FAEC2AEB25077C3C0010EFB3 /* ForecastViewModel.swift in Sources */ = {isa = PBXBuildFile; fileRef = FAEC2AEA25077C3C0010EFB3 /* ForecastViewModel.swift */; };
		FAEC2AED250786F70010EFB3 /* TodayWeatherViewModel.swift in Sources */ = {isa = PBXBuildFile; fileRef = FAEC2AEC250786F70010EFB3 /* TodayWeatherViewModel.swift */; };
		FAED7E06250AC3EF00E2C1E5 /* splash_image.jpg in Resources */ = {isa = PBXBuildFile; fileRef = FAED7E05250AC3EF00E2C1E5 /* splash_image.jpg */; };
		FAED7E08250AC73200E2C1E5 /* SearchCityTableViewController.swift in Sources */ = {isa = PBXBuildFile; fileRef = FAED7E07250AC73200E2C1E5 /* SearchCityTableViewController.swift */; };
/* End PBXBuildFile section */

/* Begin PBXFileReference section */
		0561CD243DF24E6EA4CE535E /* Pods_WeatherApp.framework */ = {isa = PBXFileReference; explicitFileType = wrapper.framework; includeInIndex = 0; path = Pods_WeatherApp.framework; sourceTree = BUILT_PRODUCTS_DIR; };
		63F7DCFB01B73332BB10B5D9 /* Pods-WeatherApp.release.xcconfig */ = {isa = PBXFileReference; includeInIndex = 1; lastKnownFileType = text.xcconfig; name = "Pods-WeatherApp.release.xcconfig"; path = "Target Support Files/Pods-WeatherApp/Pods-WeatherApp.release.xcconfig"; sourceTree = "<group>"; };
		7B95BC62B4A14AEE5B46DC31 /* Pods-WeatherApp.debug.xcconfig */ = {isa = PBXFileReference; includeInIndex = 1; lastKnownFileType = text.xcconfig; name = "Pods-WeatherApp.debug.xcconfig"; path = "Target Support Files/Pods-WeatherApp/Pods-WeatherApp.debug.xcconfig"; sourceTree = "<group>"; };
		FA039C12250D36CC00F64711 /* CityDescriptionFormatting.swift */ = {isa = PBXFileReference; lastKnownFileType = sourcecode.swift; path = CityDescriptionFormatting.swift; sourceTree = "<group>"; };
		FA039C15250D727500F64711 /* NetworkConnectionService.swift */ = {isa = PBXFileReference; lastKnownFileType = sourcecode.swift; path = NetworkConnectionService.swift; sourceTree = "<group>"; };
		FA26DFAE2506E357005A4FB5 /* Direction.swift */ = {isa = PBXFileReference; fileEncoding = 4; lastKnownFileType = sourcecode.swift; path = Direction.swift; sourceTree = "<group>"; };
		FA26DFB02506F629005A4FB5 /* ErrorHandler.swift */ = {isa = PBXFileReference; fileEncoding = 4; lastKnownFileType = sourcecode.swift; path = ErrorHandler.swift; sourceTree = "<group>"; };
		FA26DFB12506F629005A4FB5 /* AlertDialogHelper.swift */ = {isa = PBXFileReference; fileEncoding = 4; lastKnownFileType = sourcecode.swift; path = AlertDialogHelper.swift; sourceTree = "<group>"; };
		FA26DFB22506F629005A4FB5 /* AlertErrorMessageHandler.swift */ = {isa = PBXFileReference; fileEncoding = 4; lastKnownFileType = sourcecode.swift; path = AlertErrorMessageHandler.swift; sourceTree = "<group>"; };
		FA26DFB62506F741005A4FB5 /* ActivityIndicatorHelper.swift */ = {isa = PBXFileReference; lastKnownFileType = sourcecode.swift; path = ActivityIndicatorHelper.swift; sourceTree = "<group>"; };
		FA26DFB82506FC70005A4FB5 /* CashHelper.swift */ = {isa = PBXFileReference; lastKnownFileType = sourcecode.swift; path = CashHelper.swift; sourceTree = "<group>"; };
		FA291AAB25002A2E006D45EE /* WeatherApp.app */ = {isa = PBXFileReference; explicitFileType = wrapper.application; includeInIndex = 0; path = WeatherApp.app; sourceTree = BUILT_PRODUCTS_DIR; };
		FA291AAE25002A2E006D45EE /* AppDelegate.swift */ = {isa = PBXFileReference; lastKnownFileType = sourcecode.swift; path = AppDelegate.swift; sourceTree = "<group>"; };
		FA291AB225002A2E006D45EE /* MainTabBarViewController.swift */ = {isa = PBXFileReference; lastKnownFileType = sourcecode.swift; path = MainTabBarViewController.swift; sourceTree = "<group>"; };
		FA291AB725002A2F006D45EE /* Assets.xcassets */ = {isa = PBXFileReference; lastKnownFileType = folder.assetcatalog; path = Assets.xcassets; sourceTree = "<group>"; };
		FA291ABA25002A2F006D45EE /* Base */ = {isa = PBXFileReference; lastKnownFileType = file.storyboard; name = Base; path = Base.lproj/LaunchScreen.storyboard; sourceTree = "<group>"; };
		FA291ABC25002A2F006D45EE /* Info.plist */ = {isa = PBXFileReference; lastKnownFileType = text.plist.xml; path = Info.plist; sourceTree = "<group>"; };
		FA2A71AF25062E0300FAA77B /* WeatherService.swift */ = {isa = PBXFileReference; fileEncoding = 4; lastKnownFileType = sourcecode.swift; path = WeatherService.swift; sourceTree = "<group>"; };
		FA2A71B225062E4A00FAA77B /* WeatherRequest.swift */ = {isa = PBXFileReference; fileEncoding = 4; lastKnownFileType = sourcecode.swift; path = WeatherRequest.swift; sourceTree = "<group>"; };
		FA2A71B425062E8F00FAA77B /* Weather.swift */ = {isa = PBXFileReference; lastKnownFileType = sourcecode.swift; path = Weather.swift; sourceTree = "<group>"; };
		FA2A71B625062EDA00FAA77B /* WeatherItem.swift */ = {isa = PBXFileReference; lastKnownFileType = sourcecode.swift; path = WeatherItem.swift; sourceTree = "<group>"; };
		FA2A71B825062F2900FAA77B /* City.swift */ = {isa = PBXFileReference; lastKnownFileType = sourcecode.swift; path = City.swift; sourceTree = "<group>"; };
		FA2A71BA25062FD900FAA77B /* WeatherDetailedInfo.swift */ = {isa = PBXFileReference; lastKnownFileType = sourcecode.swift; path = WeatherDetailedInfo.swift; sourceTree = "<group>"; };
		FA2A71BC250630E200FAA77B /* WeatherOverview.swift */ = {isa = PBXFileReference; fileEncoding = 4; lastKnownFileType = sourcecode.swift; path = WeatherOverview.swift; sourceTree = "<group>"; };
		FA2A71BE250630F900FAA77B /* Wind.swift */ = {isa = PBXFileReference; lastKnownFileType = sourcecode.swift; path = Wind.swift; sourceTree = "<group>"; };
		FA2A71C02506312D00FAA77B /* Rain.swift */ = {isa = PBXFileReference; lastKnownFileType = sourcecode.swift; path = Rain.swift; sourceTree = "<group>"; };
		FA2A71C3250632F200FAA77B /* ApiConstants.swift */ = {isa = PBXFileReference; fileEncoding = 4; lastKnownFileType = sourcecode.swift; path = ApiConstants.swift; sourceTree = "<group>"; };
		FA2A71C4250632F200FAA77B /* Strings.swift */ = {isa = PBXFileReference; fileEncoding = 4; lastKnownFileType = sourcecode.swift; path = Strings.swift; sourceTree = "<group>"; };
		FA2A71C82506338E00FAA77B /* UIImageViewExtensions.swift */ = {isa = PBXFileReference; fileEncoding = 4; lastKnownFileType = sourcecode.swift; path = UIImageViewExtensions.swift; sourceTree = "<group>"; };
		FA2A71C92506338E00FAA77B /* StringExtensions.swift */ = {isa = PBXFileReference; fileEncoding = 4; lastKnownFileType = sourcecode.swift; path = StringExtensions.swift; sourceTree = "<group>"; };
		FA2A71CB2506338E00FAA77B /* NSObjectExtensions.swift */ = {isa = PBXFileReference; fileEncoding = 4; lastKnownFileType = sourcecode.swift; path = NSObjectExtensions.swift; sourceTree = "<group>"; };
		FA2A71CC2506338E00FAA77B /* UITableViewExtensions.swift */ = {isa = PBXFileReference; fileEncoding = 4; lastKnownFileType = sourcecode.swift; path = UITableViewExtensions.swift; sourceTree = "<group>"; };
		FA2A71D22506400100FAA77B /* WeatherTableViewCell.swift */ = {isa = PBXFileReference; lastKnownFileType = sourcecode.swift; path = WeatherTableViewCell.swift; sourceTree = "<group>"; };
		FA2A71D4250648D800FAA77B /* DateExtensions.swift */ = {isa = PBXFileReference; lastKnownFileType = sourcecode.swift; path = DateExtensions.swift; sourceTree = "<group>"; };
		FA2A71D92506715600FAA77B /* WeatherCellViewModel.swift */ = {isa = PBXFileReference; lastKnownFileType = sourcecode.swift; path = WeatherCellViewModel.swift; sourceTree = "<group>"; };
		FA2A71DB25067F4900FAA77B /* Initializable.swift */ = {isa = PBXFileReference; lastKnownFileType = sourcecode.swift; path = Initializable.swift; sourceTree = "<group>"; };
		FA4D69ED25061AD6003F531D /* logo.png */ = {isa = PBXFileReference; lastKnownFileType = image.png; path = logo.png; sourceTree = "<group>"; };
		FA4D69EF25061CC5003F531D /* TodayWeatherViewController.swift */ = {isa = PBXFileReference; lastKnownFileType = sourcecode.swift; path = TodayWeatherViewController.swift; sourceTree = "<group>"; };
		FA89925A250C26F200D32DDF /* CitiesSearchResponce.swift */ = {isa = PBXFileReference; lastKnownFileType = sourcecode.swift; path = CitiesSearchResponce.swift; sourceTree = "<group>"; };
		FA89925C250C273800D32DDF /* CitySearchPrediction.swift */ = {isa = PBXFileReference; lastKnownFileType = sourcecode.swift; path = CitySearchPrediction.swift; sourceTree = "<group>"; };
		FA89925E250C282600D32DDF /* PlaceAutocompleteService.swift */ = {isa = PBXFileReference; lastKnownFileType = sourcecode.swift; path = PlaceAutocompleteService.swift; sourceTree = "<group>"; };
		FA899260250C2C1900D32DDF /* BaseApiService.swift */ = {isa = PBXFileReference; lastKnownFileType = sourcecode.swift; path = BaseApiService.swift; sourceTree = "<group>"; };
		FA8EF42F250A6FF10096D25A /* LocationManager.swift */ = {isa = PBXFileReference; lastKnownFileType = sourcecode.swift; path = LocationManager.swift; sourceTree = "<group>"; };
		FAA8E41E2506942100857E84 /* ForecastTableViewController.swift */ = {isa = PBXFileReference; fileEncoding = 4; lastKnownFileType = sourcecode.swift; path = ForecastTableViewController.swift; sourceTree = "<group>"; };
		FAEC2AEA25077C3C0010EFB3 /* ForecastViewModel.swift */ = {isa = PBXFileReference; lastKnownFileType = sourcecode.swift; path = ForecastViewModel.swift; sourceTree = "<group>"; };
		FAEC2AEC250786F70010EFB3 /* TodayWeatherViewModel.swift */ = {isa = PBXFileReference; lastKnownFileType = sourcecode.swift; path = TodayWeatherViewModel.swift; sourceTree = "<group>"; };
		FAED7E05250AC3EF00E2C1E5 /* splash_image.jpg */ = {isa = PBXFileReference; lastKnownFileType = image.jpeg; path = splash_image.jpg; sourceTree = "<group>"; };
		FAED7E07250AC73200E2C1E5 /* SearchCityTableViewController.swift */ = {isa = PBXFileReference; lastKnownFileType = sourcecode.swift; path = SearchCityTableViewController.swift; sourceTree = "<group>"; };
/* End PBXFileReference section */

/* Begin PBXFrameworksBuildPhase section */
		FA291AA825002A2E006D45EE /* Frameworks */ = {
			isa = PBXFrameworksBuildPhase;
			buildActionMask = 2147483647;
			files = (
				6F6C997896A91776D9A9CE18 /* Pods_WeatherApp.framework in Frameworks */,
			);
			runOnlyForDeploymentPostprocessing = 0;
		};
/* End PBXFrameworksBuildPhase section */

/* Begin PBXGroup section */
		B7FFE1E5823FA3FEE8E9B598 /* Pods */ = {
			isa = PBXGroup;
			children = (
				7B95BC62B4A14AEE5B46DC31 /* Pods-WeatherApp.debug.xcconfig */,
				63F7DCFB01B73332BB10B5D9 /* Pods-WeatherApp.release.xcconfig */,
			);
			path = Pods;
			sourceTree = "<group>";
		};
		C4863E9E922A7AC606314761 /* Frameworks */ = {
			isa = PBXGroup;
			children = (
				0561CD243DF24E6EA4CE535E /* Pods_WeatherApp.framework */,
			);
			name = Frameworks;
			sourceTree = "<group>";
		};
		FA039C14250D643F00F64711 /* Protocols */ = {
			isa = PBXGroup;
			children = (
				FA2A71DB25067F4900FAA77B /* Initializable.swift */,
			);
			path = Protocols;
			sourceTree = "<group>";
		};
		FA291AA225002A2E006D45EE = {
			isa = PBXGroup;
			children = (
				FA291AAD25002A2E006D45EE /* WeatherApp */,
				FA291AAC25002A2E006D45EE /* Products */,
				B7FFE1E5823FA3FEE8E9B598 /* Pods */,
				C4863E9E922A7AC606314761 /* Frameworks */,
			);
			sourceTree = "<group>";
		};
		FA291AAC25002A2E006D45EE /* Products */ = {
			isa = PBXGroup;
			children = (
				FA291AAB25002A2E006D45EE /* WeatherApp.app */,
			);
			name = Products;
			sourceTree = "<group>";
		};
		FA291AAD25002A2E006D45EE /* WeatherApp */ = {
			isa = PBXGroup;
			children = (
				FA9BA23C250E7664008E547E /* Helpers */,
				FA039C14250D643F00F64711 /* Protocols */,
				FA291AE425003259006D45EE /* Extensions */,
				FA2A71D82506714200FAA77B /* ViewModels */,
				FA2A71B125062E2400FAA77B /* Models */,
				FA291AE72500327D006D45EE /* Resources */,
				FA291AE625003270006D45EE /* Cells */,
				FA291AE525003265006D45EE /* ViewControllers */,
				FA291AE225003239006D45EE /* Services */,
				FA291AAE25002A2E006D45EE /* AppDelegate.swift */,
				FA291AB725002A2F006D45EE /* Assets.xcassets */,
				FA291AB925002A2F006D45EE /* LaunchScreen.storyboard */,
				FA291ABC25002A2F006D45EE /* Info.plist */,
			);
			path = WeatherApp;
			sourceTree = "<group>";
		};
		FA291AE225003239006D45EE /* Services */ = {
			isa = PBXGroup;
			children = (
				FA26DFB22506F629005A4FB5 /* AlertErrorMessageHandler.swift */,
				FA26DFB02506F629005A4FB5 /* ErrorHandler.swift */,
				FA2A71AF25062E0300FAA77B /* WeatherService.swift */,
				FA8EF42F250A6FF10096D25A /* LocationManager.swift */,
				FA89925E250C282600D32DDF /* PlaceAutocompleteService.swift */,
				FA899260250C2C1900D32DDF /* BaseApiService.swift */,
				FA039C15250D727500F64711 /* NetworkConnectionService.swift */,
			);
			path = Services;
			sourceTree = "<group>";
		};
		FA291AE425003259006D45EE /* Extensions */ = {
			isa = PBXGroup;
			children = (
				FA2A71CB2506338E00FAA77B /* NSObjectExtensions.swift */,
				FA2A71C92506338E00FAA77B /* StringExtensions.swift */,
				FA2A71C82506338E00FAA77B /* UIImageViewExtensions.swift */,
				FA2A71CC2506338E00FAA77B /* UITableViewExtensions.swift */,
				FA2A71D4250648D800FAA77B /* DateExtensions.swift */,
			);
			path = Extensions;
			sourceTree = "<group>";
		};
		FA291AE525003265006D45EE /* ViewControllers */ = {
			isa = PBXGroup;
			children = (
				FAA8E41E2506942100857E84 /* ForecastTableViewController.swift */,
				FA291AB225002A2E006D45EE /* MainTabBarViewController.swift */,
				FA4D69EF25061CC5003F531D /* TodayWeatherViewController.swift */,
				FAED7E07250AC73200E2C1E5 /* SearchCityTableViewController.swift */,
			);
			path = ViewControllers;
			sourceTree = "<group>";
		};
		FA291AE625003270006D45EE /* Cells */ = {
			isa = PBXGroup;
			children = (
				FA2A71D22506400100FAA77B /* WeatherTableViewCell.swift */,
			);
			path = Cells;
			sourceTree = "<group>";
		};
		FA291AE72500327D006D45EE /* Resources */ = {
			isa = PBXGroup;
			children = (
				FAED7E05250AC3EF00E2C1E5 /* splash_image.jpg */,
				FA4D69ED25061AD6003F531D /* logo.png */,
				FA2A71C3250632F200FAA77B /* ApiConstants.swift */,
				FA2A71C4250632F200FAA77B /* Strings.swift */,
			);
			path = Resources;
			sourceTree = "<group>";
		};
		FA2A71B125062E2400FAA77B /* Models */ = {
			isa = PBXGroup;
			children = (
				FA26DFAE2506E357005A4FB5 /* Direction.swift */,
				FA2A71BC250630E200FAA77B /* WeatherOverview.swift */,
				FA2A71B225062E4A00FAA77B /* WeatherRequest.swift */,
				FA2A71B425062E8F00FAA77B /* Weather.swift */,
				FA2A71B625062EDA00FAA77B /* WeatherItem.swift */,
				FA2A71B825062F2900FAA77B /* City.swift */,
				FA2A71BA25062FD900FAA77B /* WeatherDetailedInfo.swift */,
				FA2A71BE250630F900FAA77B /* Wind.swift */,
				FA2A71C02506312D00FAA77B /* Rain.swift */,
				FA89925A250C26F200D32DDF /* CitiesSearchResponce.swift */,
				FA89925C250C273800D32DDF /* CitySearchPrediction.swift */,
				FA039C12250D36CC00F64711 /* CityDescriptionFormatting.swift */,
			);
			path = Models;
			sourceTree = "<group>";
		};
		FA2A71D82506714200FAA77B /* ViewModels */ = {
			isa = PBXGroup;
			children = (
				FA2A71D92506715600FAA77B /* WeatherCellViewModel.swift */,
				FAEC2AEA25077C3C0010EFB3 /* ForecastViewModel.swift */,
				FAEC2AEC250786F70010EFB3 /* TodayWeatherViewModel.swift */,
			);
			path = ViewModels;
			sourceTree = "<group>";
		};
		FA9BA23C250E7664008E547E /* Helpers */ = {
			isa = PBXGroup;
			children = (
				FA26DFB12506F629005A4FB5 /* AlertDialogHelper.swift */,
				FA26DFB62506F741005A4FB5 /* ActivityIndicatorHelper.swift */,
				FA26DFB82506FC70005A4FB5 /* CashHelper.swift */,
			);
			path = Helpers;
			sourceTree = "<group>";
		};
/* End PBXGroup section */

/* Begin PBXNativeTarget section */
		FA291AAA25002A2E006D45EE /* WeatherApp */ = {
			isa = PBXNativeTarget;
			buildConfigurationList = FA291ABF25002A2F006D45EE /* Build configuration list for PBXNativeTarget "WeatherApp" */;
			buildPhases = (
				31260CF1CD5EFEF9FAC19B0F /* [CP] Check Pods Manifest.lock */,
				FA291AA725002A2E006D45EE /* Sources */,
				FA291AA825002A2E006D45EE /* Frameworks */,
				FA291AA925002A2E006D45EE /* Resources */,
				87639A0CB84F507770F411F0 /* [CP] Embed Pods Frameworks */,
			);
			buildRules = (
			);
			dependencies = (
			);
			name = WeatherApp;
			productName = WeatherApp;
			productReference = FA291AAB25002A2E006D45EE /* WeatherApp.app */;
			productType = "com.apple.product-type.application";
		};
/* End PBXNativeTarget section */

/* Begin PBXProject section */
		FA291AA325002A2E006D45EE /* Project object */ = {
			isa = PBXProject;
			attributes = {
				LastSwiftUpdateCheck = 1160;
				LastUpgradeCheck = 1160;
				ORGANIZATIONNAME = "Ivan Zavadsky";
				TargetAttributes = {
					FA291AAA25002A2E006D45EE = {
						CreatedOnToolsVersion = 11.6;
					};
				};
			};
			buildConfigurationList = FA291AA625002A2E006D45EE /* Build configuration list for PBXProject "WeatherApp" */;
			compatibilityVersion = "Xcode 9.3";
			developmentRegion = en;
			hasScannedForEncodings = 0;
			knownRegions = (
				en,
				Base,
			);
			mainGroup = FA291AA225002A2E006D45EE;
			productRefGroup = FA291AAC25002A2E006D45EE /* Products */;
			projectDirPath = "";
			projectRoot = "";
			targets = (
				FA291AAA25002A2E006D45EE /* WeatherApp */,
			);
		};
/* End PBXProject section */

/* Begin PBXResourcesBuildPhase section */
		FA291AA925002A2E006D45EE /* Resources */ = {
			isa = PBXResourcesBuildPhase;
			buildActionMask = 2147483647;
			files = (
				FAED7E06250AC3EF00E2C1E5 /* splash_image.jpg in Resources */,
				FA291ABB25002A2F006D45EE /* LaunchScreen.storyboard in Resources */,
				FA291AB825002A2F006D45EE /* Assets.xcassets in Resources */,
				FA4D69EE25061AD7003F531D /* logo.png in Resources */,
			);
			runOnlyForDeploymentPostprocessing = 0;
		};
/* End PBXResourcesBuildPhase section */

/* Begin PBXShellScriptBuildPhase section */
		31260CF1CD5EFEF9FAC19B0F /* [CP] Check Pods Manifest.lock */ = {
			isa = PBXShellScriptBuildPhase;
			buildActionMask = 2147483647;
			files = (
			);
			inputFileListPaths = (
			);
			inputPaths = (
				"${PODS_PODFILE_DIR_PATH}/Podfile.lock",
				"${PODS_ROOT}/Manifest.lock",
			);
			name = "[CP] Check Pods Manifest.lock";
			outputFileListPaths = (
			);
			outputPaths = (
				"$(DERIVED_FILE_DIR)/Pods-WeatherApp-checkManifestLockResult.txt",
			);
			runOnlyForDeploymentPostprocessing = 0;
			shellPath = /bin/sh;
			shellScript = "diff \"${PODS_PODFILE_DIR_PATH}/Podfile.lock\" \"${PODS_ROOT}/Manifest.lock\" > /dev/null\nif [ $? != 0 ] ; then\n    # print error to STDERR\n    echo \"error: The sandbox is not in sync with the Podfile.lock. Run 'pod install' or update your CocoaPods installation.\" >&2\n    exit 1\nfi\n# This output is used by Xcode 'outputs' to avoid re-running this script phase.\necho \"SUCCESS\" > \"${SCRIPT_OUTPUT_FILE_0}\"\n";
			showEnvVarsInLog = 0;
		};
		87639A0CB84F507770F411F0 /* [CP] Embed Pods Frameworks */ = {
			isa = PBXShellScriptBuildPhase;
			buildActionMask = 2147483647;
			files = (
			);
			inputFileListPaths = (
				"${PODS_ROOT}/Target Support Files/Pods-WeatherApp/Pods-WeatherApp-frameworks-${CONFIGURATION}-input-files.xcfilelist",
			);
			name = "[CP] Embed Pods Frameworks";
			outputFileListPaths = (
				"${PODS_ROOT}/Target Support Files/Pods-WeatherApp/Pods-WeatherApp-frameworks-${CONFIGURATION}-output-files.xcfilelist",
			);
			runOnlyForDeploymentPostprocessing = 0;
			shellPath = /bin/sh;
			shellScript = "\"${PODS_ROOT}/Target Support Files/Pods-WeatherApp/Pods-WeatherApp-frameworks.sh\"\n";
			showEnvVarsInLog = 0;
		};
/* End PBXShellScriptBuildPhase section */

/* Begin PBXSourcesBuildPhase section */
		FA291AA725002A2E006D45EE /* Sources */ = {
			isa = PBXSourcesBuildPhase;
			buildActionMask = 2147483647;
			files = (
				FA2A71D5250648D800FAA77B /* DateExtensions.swift in Sources */,
				FA2A71B525062E8F00FAA77B /* Weather.swift in Sources */,
				FA26DFB72506F741005A4FB5 /* ActivityIndicatorHelper.swift in Sources */,
				FA2A71C12506312D00FAA77B /* Rain.swift in Sources */,
				FA8EF430250A6FF10096D25A /* LocationManager.swift in Sources */,
				FA2A71D32506400100FAA77B /* WeatherTableViewCell.swift in Sources */,
				FA291AB325002A2E006D45EE /* MainTabBarViewController.swift in Sources */,
				FA26DFB42506F629005A4FB5 /* AlertDialogHelper.swift in Sources */,
				FA2A71CD2506338E00FAA77B /* UIImageViewExtensions.swift in Sources */,
				FA89925F250C282600D32DDF /* PlaceAutocompleteService.swift in Sources */,
				FA26DFB92506FC70005A4FB5 /* CashHelper.swift in Sources */,
				FA26DFAF2506E357005A4FB5 /* Direction.swift in Sources */,
				FA2A71C6250632F200FAA77B /* ApiConstants.swift in Sources */,
				FA26DFB52506F629005A4FB5 /* AlertErrorMessageHandler.swift in Sources */,
				FA89925B250C26F200D32DDF /* CitiesSearchResponce.swift in Sources */,
				FA2A71BB25062FD900FAA77B /* WeatherDetailedInfo.swift in Sources */,
				FA291AAF25002A2E006D45EE /* AppDelegate.swift in Sources */,
				FA4D69F025061CC5003F531D /* TodayWeatherViewController.swift in Sources */,
				FAEC2AED250786F70010EFB3 /* TodayWeatherViewModel.swift in Sources */,
				FA039C16250D727500F64711 /* NetworkConnectionService.swift in Sources */,
				FA2A71DA2506715600FAA77B /* WeatherCellViewModel.swift in Sources */,
				FA2A71D02506338E00FAA77B /* NSObjectExtensions.swift in Sources */,
				FA2A71DC25067F4900FAA77B /* Initializable.swift in Sources */,
				FAED7E08250AC73200E2C1E5 /* SearchCityTableViewController.swift in Sources */,
				FAEC2AEB25077C3C0010EFB3 /* ForecastViewModel.swift in Sources */,
				FA89925D250C273800D32DDF /* CitySearchPrediction.swift in Sources */,
				FA2A71B025062E0300FAA77B /* WeatherService.swift in Sources */,
				FA2A71D12506338E00FAA77B /* UITableViewExtensions.swift in Sources */,
				FA26DFB32506F629005A4FB5 /* ErrorHandler.swift in Sources */,
				FA2A71BD250630E200FAA77B /* WeatherOverview.swift in Sources */,
				FA2A71B925062F2900FAA77B /* City.swift in Sources */,
				FA2A71C7250632F200FAA77B /* Strings.swift in Sources */,
				FAA8E41F2506942100857E84 /* ForecastTableViewController.swift in Sources */,
				FA2A71B325062E4A00FAA77B /* WeatherRequest.swift in Sources */,
				FA899261250C2C1900D32DDF /* BaseApiService.swift in Sources */,
				FA2A71B725062EDA00FAA77B /* WeatherItem.swift in Sources */,
				FA2A71BF250630F900FAA77B /* Wind.swift in Sources */,
				FA039C13250D36CC00F64711 /* CityDescriptionFormatting.swift in Sources */,
				FA2A71CE2506338E00FAA77B /* StringExtensions.swift in Sources */,
			);
			runOnlyForDeploymentPostprocessing = 0;
		};
/* End PBXSourcesBuildPhase section */

/* Begin PBXVariantGroup section */
		FA291AB925002A2F006D45EE /* LaunchScreen.storyboard */ = {
			isa = PBXVariantGroup;
			children = (
				FA291ABA25002A2F006D45EE /* Base */,
			);
			name = LaunchScreen.storyboard;
			sourceTree = "<group>";
		};
/* End PBXVariantGroup section */

/* Begin XCBuildConfiguration section */
		FA291ABD25002A2F006D45EE /* Debug */ = {
			isa = XCBuildConfiguration;
			buildSettings = {
				ALWAYS_SEARCH_USER_PATHS = NO;
				CLANG_ANALYZER_NONNULL = YES;
				CLANG_ANALYZER_NUMBER_OBJECT_CONVERSION = YES_AGGRESSIVE;
				CLANG_CXX_LANGUAGE_STANDARD = "gnu++14";
				CLANG_CXX_LIBRARY = "libc++";
				CLANG_ENABLE_MODULES = YES;
				CLANG_ENABLE_OBJC_ARC = YES;
				CLANG_ENABLE_OBJC_WEAK = YES;
				CLANG_WARN_BLOCK_CAPTURE_AUTORELEASING = YES;
				CLANG_WARN_BOOL_CONVERSION = YES;
				CLANG_WARN_COMMA = YES;
				CLANG_WARN_CONSTANT_CONVERSION = YES;
				CLANG_WARN_DEPRECATED_OBJC_IMPLEMENTATIONS = YES;
				CLANG_WARN_DIRECT_OBJC_ISA_USAGE = YES_ERROR;
				CLANG_WARN_DOCUMENTATION_COMMENTS = YES;
				CLANG_WARN_EMPTY_BODY = YES;
				CLANG_WARN_ENUM_CONVERSION = YES;
				CLANG_WARN_INFINITE_RECURSION = YES;
				CLANG_WARN_INT_CONVERSION = YES;
				CLANG_WARN_NON_LITERAL_NULL_CONVERSION = YES;
				CLANG_WARN_OBJC_IMPLICIT_RETAIN_SELF = YES;
				CLANG_WARN_OBJC_LITERAL_CONVERSION = YES;
				CLANG_WARN_OBJC_ROOT_CLASS = YES_ERROR;
				CLANG_WARN_RANGE_LOOP_ANALYSIS = YES;
				CLANG_WARN_STRICT_PROTOTYPES = YES;
				CLANG_WARN_SUSPICIOUS_MOVE = YES;
				CLANG_WARN_UNGUARDED_AVAILABILITY = YES_AGGRESSIVE;
				CLANG_WARN_UNREACHABLE_CODE = YES;
				CLANG_WARN__DUPLICATE_METHOD_MATCH = YES;
				COPY_PHASE_STRIP = NO;
				DEBUG_INFORMATION_FORMAT = dwarf;
				ENABLE_STRICT_OBJC_MSGSEND = YES;
				ENABLE_TESTABILITY = YES;
				GCC_C_LANGUAGE_STANDARD = gnu11;
				GCC_DYNAMIC_NO_PIC = NO;
				GCC_NO_COMMON_BLOCKS = YES;
				GCC_OPTIMIZATION_LEVEL = 0;
				GCC_PREPROCESSOR_DEFINITIONS = (
					"DEBUG=1",
					"$(inherited)",
				);
				GCC_WARN_64_TO_32_BIT_CONVERSION = YES;
				GCC_WARN_ABOUT_RETURN_TYPE = YES_ERROR;
				GCC_WARN_UNDECLARED_SELECTOR = YES;
				GCC_WARN_UNINITIALIZED_AUTOS = YES_AGGRESSIVE;
				GCC_WARN_UNUSED_FUNCTION = YES;
				GCC_WARN_UNUSED_VARIABLE = YES;
				IPHONEOS_DEPLOYMENT_TARGET = 13.6;
				MTL_ENABLE_DEBUG_INFO = INCLUDE_SOURCE;
				MTL_FAST_MATH = YES;
				ONLY_ACTIVE_ARCH = YES;
				SDKROOT = iphoneos;
				SWIFT_ACTIVE_COMPILATION_CONDITIONS = DEBUG;
				SWIFT_OPTIMIZATION_LEVEL = "-Onone";
			};
			name = Debug;
		};
		FA291ABE25002A2F006D45EE /* Release */ = {
			isa = XCBuildConfiguration;
			buildSettings = {
				ALWAYS_SEARCH_USER_PATHS = NO;
				CLANG_ANALYZER_NONNULL = YES;
				CLANG_ANALYZER_NUMBER_OBJECT_CONVERSION = YES_AGGRESSIVE;
				CLANG_CXX_LANGUAGE_STANDARD = "gnu++14";
				CLANG_CXX_LIBRARY = "libc++";
				CLANG_ENABLE_MODULES = YES;
				CLANG_ENABLE_OBJC_ARC = YES;
				CLANG_ENABLE_OBJC_WEAK = YES;
				CLANG_WARN_BLOCK_CAPTURE_AUTORELEASING = YES;
				CLANG_WARN_BOOL_CONVERSION = YES;
				CLANG_WARN_COMMA = YES;
				CLANG_WARN_CONSTANT_CONVERSION = YES;
				CLANG_WARN_DEPRECATED_OBJC_IMPLEMENTATIONS = YES;
				CLANG_WARN_DIRECT_OBJC_ISA_USAGE = YES_ERROR;
				CLANG_WARN_DOCUMENTATION_COMMENTS = YES;
				CLANG_WARN_EMPTY_BODY = YES;
				CLANG_WARN_ENUM_CONVERSION = YES;
				CLANG_WARN_INFINITE_RECURSION = YES;
				CLANG_WARN_INT_CONVERSION = YES;
				CLANG_WARN_NON_LITERAL_NULL_CONVERSION = YES;
				CLANG_WARN_OBJC_IMPLICIT_RETAIN_SELF = YES;
				CLANG_WARN_OBJC_LITERAL_CONVERSION = YES;
				CLANG_WARN_OBJC_ROOT_CLASS = YES_ERROR;
				CLANG_WARN_RANGE_LOOP_ANALYSIS = YES;
				CLANG_WARN_STRICT_PROTOTYPES = YES;
				CLANG_WARN_SUSPICIOUS_MOVE = YES;
				CLANG_WARN_UNGUARDED_AVAILABILITY = YES_AGGRESSIVE;
				CLANG_WARN_UNREACHABLE_CODE = YES;
				CLANG_WARN__DUPLICATE_METHOD_MATCH = YES;
				COPY_PHASE_STRIP = NO;
				DEBUG_INFORMATION_FORMAT = "dwarf-with-dsym";
				ENABLE_NS_ASSERTIONS = NO;
				ENABLE_STRICT_OBJC_MSGSEND = YES;
				GCC_C_LANGUAGE_STANDARD = gnu11;
				GCC_NO_COMMON_BLOCKS = YES;
				GCC_WARN_64_TO_32_BIT_CONVERSION = YES;
				GCC_WARN_ABOUT_RETURN_TYPE = YES_ERROR;
				GCC_WARN_UNDECLARED_SELECTOR = YES;
				GCC_WARN_UNINITIALIZED_AUTOS = YES_AGGRESSIVE;
				GCC_WARN_UNUSED_FUNCTION = YES;
				GCC_WARN_UNUSED_VARIABLE = YES;
				IPHONEOS_DEPLOYMENT_TARGET = 13.6;
				MTL_ENABLE_DEBUG_INFO = NO;
				MTL_FAST_MATH = YES;
				SDKROOT = iphoneos;
				SWIFT_COMPILATION_MODE = wholemodule;
				SWIFT_OPTIMIZATION_LEVEL = "-O";
				VALIDATE_PRODUCT = YES;
			};
			name = Release;
		};
		FA291AC025002A2F006D45EE /* Debug */ = {
			isa = XCBuildConfiguration;
			baseConfigurationReference = 7B95BC62B4A14AEE5B46DC31 /* Pods-WeatherApp.debug.xcconfig */;
			buildSettings = {
				ASSETCATALOG_COMPILER_APPICON_NAME = AppIcon;
				CODE_SIGN_STYLE = Automatic;
				DEVELOPMENT_TEAM = TT6B98BUL8;
				INFOPLIST_FILE = WeatherApp/Info.plist;
				LD_RUNPATH_SEARCH_PATHS = (
					"$(inherited)",
					"@executable_path/Frameworks",
				);
				PRODUCT_BUNDLE_IDENTIFIER = "com.ivan-zavadsky.WeatherApp";
				PRODUCT_NAME = "$(TARGET_NAME)";
				SWIFT_VERSION = 5.0;
				TARGETED_DEVICE_FAMILY = "1,2";
			};
			name = Debug;
		};
		FA291AC125002A2F006D45EE /* Release */ = {
			isa = XCBuildConfiguration;
			baseConfigurationReference = 63F7DCFB01B73332BB10B5D9 /* Pods-WeatherApp.release.xcconfig */;
			buildSettings = {
				ASSETCATALOG_COMPILER_APPICON_NAME = AppIcon;
				CODE_SIGN_STYLE = Automatic;
				DEVELOPMENT_TEAM = TT6B98BUL8;
				INFOPLIST_FILE = WeatherApp/Info.plist;
				LD_RUNPATH_SEARCH_PATHS = (
					"$(inherited)",
					"@executable_path/Frameworks",
				);
				PRODUCT_BUNDLE_IDENTIFIER = "com.ivan-zavadsky.WeatherApp";
				PRODUCT_NAME = "$(TARGET_NAME)";
				SWIFT_VERSION = 5.0;
				TARGETED_DEVICE_FAMILY = "1,2";
			};
			name = Release;
		};
/* End XCBuildConfiguration section */

/* Begin XCConfigurationList section */
		FA291AA625002A2E006D45EE /* Build configuration list for PBXProject "WeatherApp" */ = {
			isa = XCConfigurationList;
			buildConfigurations = (
				FA291ABD25002A2F006D45EE /* Debug */,
				FA291ABE25002A2F006D45EE /* Release */,
			);
			defaultConfigurationIsVisible = 0;
			defaultConfigurationName = Release;
		};
		FA291ABF25002A2F006D45EE /* Build configuration list for PBXNativeTarget "WeatherApp" */ = {
			isa = XCConfigurationList;
			buildConfigurations = (
				FA291AC025002A2F006D45EE /* Debug */,
				FA291AC125002A2F006D45EE /* Release */,
			);
			defaultConfigurationIsVisible = 0;
			defaultConfigurationName = Release;
		};
/* End XCConfigurationList section */
	};
	rootObject = FA291AA325002A2E006D45EE /* Project object */;
}
